{
  "name": "dcl-project",
  "version": "1.0.0",
  "lockfileVersion": 2,
  "requires": true,
  "packages": {
    "": {
      "name": "dcl-project",
      "version": "1.0.0",
      "bundleDependencies": [
        "colyseus.js",
        "@dcl/ecs-scene-utils",
        "@colyseus/schema",
        "httpie",
        "nanoevents",
        "notepack.io",
        "tslib"
      ],
      "dependencies": {
        "@dcl/ecs-scene-utils": "^1.6.1",
        "colyseus.js": "^0.14.1-1.alpha.0"
      },
      "devDependencies": {
        "@colyseus/schema": "^1.0.22",
        "decentraland-ecs": "latest"
      }
    },
    "node_modules/@colyseus/schema": {
      "version": "1.0.22",
      "resolved": "https://registry.npmjs.org/@colyseus/schema/-/schema-1.0.22.tgz",
      "integrity": "sha512-vhXRsO2x6IikeCiCsECDlLXkY4eeMgAlzz2m0dHmjhNlQLn7/jb63UsVLely5C2u4vqrzg7OYH8reXWOjbqQlw==",
      "inBundle": true,
      "bin": {
        "schema-codegen": "bin/schema-codegen"
      }
    },
    "node_modules/@dcl/ecs-scene-utils": {
      "version": "1.6.1",
      "resolved": "https://registry.npmjs.org/@dcl/ecs-scene-utils/-/ecs-scene-utils-1.6.1.tgz",
      "integrity": "sha512-HA7cwPspgLsx5+YulrimHU4wl7sZaX8DNfCwHBn3g4m0w6vzyy9GgWme+yLUqexUIedGkuhu+nNiWH2fZk4CNQ==",
      "inBundle": true
    },
    "node_modules/buffer-from": {
      "version": "1.1.1",
      "resolved": "https://registry.npmjs.org/buffer-from/-/buffer-from-1.1.1.tgz",
      "integrity": "sha512-MQcXEUbCKtEo7bhqEs6560Hyd4XaovZlO/k9V3hjVUF/zwW7KBVdSK4gIt/bzwS9MbR5qob+F5jusZsb0YQK2A==",
      "dev": true
    },
    "node_modules/colyseus.js": {
      "version": "0.14.1-1.alpha.0",
      "resolved": "https://registry.npmjs.org/colyseus.js/-/colyseus.js-0.14.1-1.alpha.0.tgz",
      "integrity": "sha512-eYlxNnJufSCLvIvYauSV9a1S1Bb9/tyHhwYakleDTAhiJTnyZMBVsSwJFcxIkgMjDOoZVd5emEmttwcwM2nvrA==",
      "inBundle": true,
      "dependencies": {
        "@colyseus/schema": "^1.0.22",
        "httpie": "^2.0.0-next.13",
        "nanoevents": "^5.1.12",
        "notepack.io": "^2.1.3",
        "tslib": "^2.1.0"
      },
      "engines": {
        "node": ">= 12.x"
      }
    },
    "node_modules/commander": {
      "version": "2.20.3",
      "resolved": "https://registry.npmjs.org/commander/-/commander-2.20.3.tgz",
      "integrity": "sha512-GpVkmM8vF2vQUkj2LvZmD35JxeJOLCwJ9cUkugyk2nuhbv3+mJvpLYYt+0+USMxE+oj+ey/lJEnhZw75x/OMcQ==",
      "dev": true
    },
    "node_modules/decentraland-ecs": {
      "version": "6.6.4",
      "resolved": "https://registry.npmjs.org/decentraland-ecs/-/decentraland-ecs-6.6.4.tgz",
      "integrity": "sha512-3yvde383GEURkj5tzBLK4SvcE2INd0XfNHfUwxd64WdO27UT5R58Ug9CcTLrx13oCbkRo+05ercprcNnwpC5lw==",
      "dev": true,
      "dependencies": {
        "terser": "^5.2.1",
        "typescript": "^4.0.2"
      },
      "bin": {
        "build-ecs": "artifacts/build-ecs.js"
      }
    },
    "node_modules/httpie": {
      "version": "2.0.0-next.13",
      "resolved": "https://registry.npmjs.org/httpie/-/httpie-2.0.0-next.13.tgz",
      "integrity": "sha512-KbKOnq8wt0hVEfteYCSnEsPgzaWxcVc4qZ4OaDU9mVOYLRo3XChjWs3MiuRgFu5y+4JDo7sDKdKzkAn1ljQYFA==",
      "inBundle": true,
      "engines": {
        "node": ">=10"
      }
    },
    "node_modules/nanoevents": {
      "version": "5.1.13",
      "resolved": "https://registry.npmjs.org/nanoevents/-/nanoevents-5.1.13.tgz",
      "integrity": "sha512-JFAeG9fp0QZnRoESHjkbVFbZ9BkOXkkagUVwZVo/pkSX+Fq1VKlY+5og/8X9CYc6C7vje/CV+bwJ5M2X0+IY9Q==",
      "inBundle": true,
      "engines": {
        "node": ">=6.0.0"
      }
    },
    "node_modules/notepack.io": {
      "version": "2.3.0",
      "resolved": "https://registry.npmjs.org/notepack.io/-/notepack.io-2.3.0.tgz",
      "integrity": "sha512-9RiFDxeydHsWOqdthRUck2Kd4UW2NzVd2xxOulZiQ9mvge6ElsHXLpwD3HEJyql6sFEnEn/eMO7HSdS0M5mWkA==",
      "inBundle": true
    },
    "node_modules/source-map": {
      "version": "0.7.3",
      "resolved": "https://registry.npmjs.org/source-map/-/source-map-0.7.3.tgz",
      "integrity": "sha512-CkCj6giN3S+n9qrYiBTX5gystlENnRW5jZeNLHpe6aue+SrHcG5VYwujhW9s4dY31mEGsxBDrHR6oI69fTXsaQ==",
      "dev": true,
      "engines": {
        "node": ">= 8"
      }
    },
    "node_modules/source-map-support": {
      "version": "0.5.19",
      "resolved": "https://registry.npmjs.org/source-map-support/-/source-map-support-0.5.19.tgz",
      "integrity": "sha512-Wonm7zOCIJzBGQdB+thsPar0kYuCIzYvxZwlBa87yi/Mdjv7Tip2cyVbLj5o0cFPN4EVkuTwb3GDDyUx2DGnGw==",
      "dev": true,
      "dependencies": {
        "buffer-from": "^1.0.0",
        "source-map": "^0.6.0"
      }
    },
    "node_modules/source-map-support/node_modules/source-map": {
      "version": "0.6.1",
      "resolved": "https://registry.npmjs.org/source-map/-/source-map-0.6.1.tgz",
      "integrity": "sha512-UjgapumWlbMhkBgzT7Ykc5YXUT46F0iKu8SGXq0bcwP5dz/h0Plj6enJqjz1Zbq2l5WaqYnrVbwWOWMyF3F47g==",
      "dev": true,
      "engines": {
        "node": ">=0.10.0"
      }
    },
    "node_modules/terser": {
      "version": "5.6.1",
      "resolved": "https://registry.npmjs.org/terser/-/terser-5.6.1.tgz",
      "integrity": "sha512-yv9YLFQQ+3ZqgWCUk+pvNJwgUTdlIxUk1WTN+RnaFJe2L7ipG2csPT0ra2XRm7Cs8cxN7QXmK1rFzEwYEQkzXw==",
      "dev": true,
      "dependencies": {
        "commander": "^2.20.0",
        "source-map": "~0.7.2",
        "source-map-support": "~0.5.19"
      },
      "bin": {
        "terser": "bin/terser"
      },
      "engines": {
        "node": ">=10"
      }
    },
    "node_modules/tslib": {
      "version": "2.2.0",
      "resolved": "https://registry.npmjs.org/tslib/-/tslib-2.2.0.tgz",
      "integrity": "sha512-gS9GVHRU+RGn5KQM2rllAlR3dU6m7AcpJKdtH8gFvQiC4Otgk98XnmMU+nZenHt/+VhnBPWwgrJsyrdcw6i23w==",
      "inBundle": true
    },
    "node_modules/typescript": {
      "version": "4.2.4",
      "resolved": "https://registry.npmjs.org/typescript/-/typescript-4.2.4.tgz",
      "integrity": "sha512-V+evlYHZnQkaz8TRBuxTA92yZBPotr5H+WhQ7bD3hZUndx5tGOa1fuCgeSjxAzM1RiN5IzvadIXTVefuuwZCRg==",
      "dev": true,
      "bin": {
        "tsc": "bin/tsc",
        "tsserver": "bin/tsserver"
      },
      "engines": {
        "node": ">=4.2.0"
      }
    }
  },
  "dependencies": {
    "@colyseus/schema": {
      "version": "1.0.22",
      "resolved": "https://registry.npmjs.org/@colyseus/schema/-/schema-1.0.22.tgz",
      "integrity": "sha512-vhXRsO2x6IikeCiCsECDlLXkY4eeMgAlzz2m0dHmjhNlQLn7/jb63UsVLely5C2u4vqrzg7OYH8reXWOjbqQlw=="
    },
    "@dcl/ecs-scene-utils": {
      "version": "1.6.1",
      "resolved": "https://registry.npmjs.org/@dcl/ecs-scene-utils/-/ecs-scene-utils-1.6.1.tgz",
      "integrity": "sha512-HA7cwPspgLsx5+YulrimHU4wl7sZaX8DNfCwHBn3g4m0w6vzyy9GgWme+yLUqexUIedGkuhu+nNiWH2fZk4CNQ=="
    },
    "buffer-from": {
      "version": "1.1.1",
      "resolved": "https://registry.npmjs.org/buffer-from/-/buffer-from-1.1.1.tgz",
      "integrity": "sha512-MQcXEUbCKtEo7bhqEs6560Hyd4XaovZlO/k9V3hjVUF/zwW7KBVdSK4gIt/bzwS9MbR5qob+F5jusZsb0YQK2A==",
      "dev": true
    },
    "colyseus.js": {
      "version": "0.14.1-1.alpha.0",
      "resolved": "https://registry.npmjs.org/colyseus.js/-/colyseus.js-0.14.1-1.alpha.0.tgz",
      "integrity": "sha512-eYlxNnJufSCLvIvYauSV9a1S1Bb9/tyHhwYakleDTAhiJTnyZMBVsSwJFcxIkgMjDOoZVd5emEmttwcwM2nvrA==",
      "requires": {
        "@colyseus/schema": "^1.0.22",
        "httpie": "^2.0.0-next.13",
        "nanoevents": "^5.1.12",
        "notepack.io": "^2.1.3",
        "tslib": "^2.1.0"
      }
    },
    "commander": {
      "version": "2.20.3",
      "resolved": "https://registry.npmjs.org/commander/-/commander-2.20.3.tgz",
      "integrity": "sha512-GpVkmM8vF2vQUkj2LvZmD35JxeJOLCwJ9cUkugyk2nuhbv3+mJvpLYYt+0+USMxE+oj+ey/lJEnhZw75x/OMcQ==",
      "dev": true
    },
    "decentraland-ecs": {
      "version": "6.6.4",
      "resolved": "https://registry.npmjs.org/decentraland-ecs/-/decentraland-ecs-6.6.4.tgz",
      "integrity": "sha512-3yvde383GEURkj5tzBLK4SvcE2INd0XfNHfUwxd64WdO27UT5R58Ug9CcTLrx13oCbkRo+05ercprcNnwpC5lw==",
      "dev": true,
      "requires": {
        "terser": "^5.2.1",
        "typescript": "^4.0.2"
      }
    },
    "httpie": {
      "version": "2.0.0-next.13",
      "resolved": "https://registry.npmjs.org/httpie/-/httpie-2.0.0-next.13.tgz",
      "integrity": "sha512-KbKOnq8wt0hVEfteYCSnEsPgzaWxcVc4qZ4OaDU9mVOYLRo3XChjWs3MiuRgFu5y+4JDo7sDKdKzkAn1ljQYFA=="
    },
    "nanoevents": {
      "version": "5.1.13",
      "resolved": "https://registry.npmjs.org/nanoevents/-/nanoevents-5.1.13.tgz",
      "integrity": "sha512-JFAeG9fp0QZnRoESHjkbVFbZ9BkOXkkagUVwZVo/pkSX+Fq1VKlY+5og/8X9CYc6C7vje/CV+bwJ5M2X0+IY9Q=="
    },
    "notepack.io": {
      "version": "2.3.0",
      "resolved": "https://registry.npmjs.org/notepack.io/-/notepack.io-2.3.0.tgz",
      "integrity": "sha512-9RiFDxeydHsWOqdthRUck2Kd4UW2NzVd2xxOulZiQ9mvge6ElsHXLpwD3HEJyql6sFEnEn/eMO7HSdS0M5mWkA=="
    },
    "source-map": {
      "version": "0.7.3",
      "resolved": "https://registry.npmjs.org/source-map/-/source-map-0.7.3.tgz",
      "integrity": "sha512-CkCj6giN3S+n9qrYiBTX5gystlENnRW5jZeNLHpe6aue+SrHcG5VYwujhW9s4dY31mEGsxBDrHR6oI69fTXsaQ==",
      "dev": true
    },
    "source-map-support": {
      "version": "0.5.19",
      "resolved": "https://registry.npmjs.org/source-map-support/-/source-map-support-0.5.19.tgz",
      "integrity": "sha512-Wonm7zOCIJzBGQdB+thsPar0kYuCIzYvxZwlBa87yi/Mdjv7Tip2cyVbLj5o0cFPN4EVkuTwb3GDDyUx2DGnGw==",
      "dev": true,
      "requires": {
        "buffer-from": "^1.0.0",
        "source-map": "^0.6.0"
      },
      "dependencies": {
        "source-map": {
          "version": "0.6.1",
          "resolved": "https://registry.npmjs.org/source-map/-/source-map-0.6.1.tgz",
          "integrity": "sha512-UjgapumWlbMhkBgzT7Ykc5YXUT46F0iKu8SGXq0bcwP5dz/h0Plj6enJqjz1Zbq2l5WaqYnrVbwWOWMyF3F47g==",
          "dev": true
        }
      }
    },
    "terser": {
      "version": "5.6.1",
      "resolved": "https://registry.npmjs.org/terser/-/terser-5.6.1.tgz",
      "integrity": "sha512-yv9YLFQQ+3ZqgWCUk+pvNJwgUTdlIxUk1WTN+RnaFJe2L7ipG2csPT0ra2XRm7Cs8cxN7QXmK1rFzEwYEQkzXw==",
      "dev": true,
      "requires": {
        "commander": "^2.20.0",
        "source-map": "~0.7.2",
        "source-map-support": "~0.5.19"
      }
    },
    "tslib": {
      "version": "2.2.0",
      "resolved": "https://registry.npmjs.org/tslib/-/tslib-2.2.0.tgz",
      "integrity": "sha512-gS9GVHRU+RGn5KQM2rllAlR3dU6m7AcpJKdtH8gFvQiC4Otgk98XnmMU+nZenHt/+VhnBPWwgrJsyrdcw6i23w=="
    },
    "typescript": {
      "version": "4.2.4",
      "resolved": "https://registry.npmjs.org/typescript/-/typescript-4.2.4.tgz",
      "integrity": "sha512-V+evlYHZnQkaz8TRBuxTA92yZBPotr5H+WhQ7bD3hZUndx5tGOa1fuCgeSjxAzM1RiN5IzvadIXTVefuuwZCRg==",
      "dev": true
    }
  }
}
